
Microsoft Visual Studio Solution File, Format Version 12.00
# Visual Studio 14
VisualStudioVersion = 14.0.25420.1
MinimumVisualStudioVersion = 10.0.40219.1
Project("{FAE04EC0-301F-11D3-BF4B-00C04F79EFBC}") = "ACProject", "ACProject\ACProject.csproj", "{731206F3-2D9F-47DE-B123-3F74C00F5967}"
EndProject
Global
	GlobalSection(SolutionConfigurationPlatforms) = preSolution
		Debug|Any CPU = Debug|Any CPU
		Release|Any CPU = Release|Any CPU
	EndGlobalSection
	GlobalSection(ProjectConfigurationPlatforms) = postSolution
		{731206F3-2D9F-47DE-B123-3F74C00F5967}.Debug|Any CPU.ActiveCfg = Debug|Any CPU
		{731206F3-2D9F-47DE-B123-3F74C00F5967}.Debug|Any CPU.Build.0 = Debug|Any CPU
		{731206F3-2D9F-47DE-B123-3F74C00F5967}.Release|Any CPU.ActiveCfg = Release|Any CPU
		{731206F3-2D9F-47DE-B123-3F74C00F5967}.Release|Any CPU.Build.0 = Release|Any CPU
	EndGlobalSection
	GlobalSection(SolutionProperties) = preSolution
		HideSolutionNode = FALSE
	EndGlobalSection
EndGlobal
